// !$*UTF8*$!
{
	archiveVersion = 1;
	classes = {
	};
	objectVersion = 46;
	objects = {

/* Begin PBXBuildFile section */
		7D94164E1F1A366C00745C90 /* ItemsViewController.swift in Sources */ = {isa = PBXBuildFile; fileRef = 7D94164D1F1A366C00745C90 /* ItemsViewController.swift */; };
		7D9416501F1A373D00745C90 /* Item.swift in Sources */ = {isa = PBXBuildFile; fileRef = 7D94164F1F1A373D00745C90 /* Item.swift */; };
		7D9416521F1A3DAA00745C90 /* ItemStore.swift in Sources */ = {isa = PBXBuildFile; fileRef = 7D9416511F1A3DAA00745C90 /* ItemStore.swift */; };
		7D9416541F1B6D1200745C90 /* ItemCell.swift in Sources */ = {isa = PBXBuildFile; fileRef = 7D9416531F1B6D1200745C90 /* ItemCell.swift */; };
		7DD36F281F1A28C7002092C5 /* AppDelegate.swift in Sources */ = {isa = PBXBuildFile; fileRef = 7DD36F271F1A28C7002092C5 /* AppDelegate.swift */; };
		7DD36F2D1F1A28C7002092C5 /* Main.storyboard in Resources */ = {isa = PBXBuildFile; fileRef = 7DD36F2B1F1A28C7002092C5 /* Main.storyboard */; };
		7DD36F2F1F1A28C7002092C5 /* Assets.xcassets in Resources */ = {isa = PBXBuildFile; fileRef = 7DD36F2E1F1A28C7002092C5 /* Assets.xcassets */; };
		7DD36F321F1A28C7002092C5 /* LaunchScreen.storyboard in Resources */ = {isa = PBXBuildFile; fileRef = 7DD36F301F1A28C7002092C5 /* LaunchScreen.storyboard */; };
/* End PBXBuildFile section */

/* Begin PBXFileReference section */
		7D94164D1F1A366C00745C90 /* ItemsViewController.swift */ = {isa = PBXFileReference; fileEncoding = 4; lastKnownFileType = sourcecode.swift; path = ItemsViewController.swift; sourceTree = "<group>"; };
		7D94164F1F1A373D00745C90 /* Item.swift */ = {isa = PBXFileReference; fileEncoding = 4; lastKnownFileType = sourcecode.swift; path = Item.swift; sourceTree = "<group>"; };
		7D9416511F1A3DAA00745C90 /* ItemStore.swift */ = {isa = PBXFileReference; fileEncoding = 4; lastKnownFileType = sourcecode.swift; path = ItemStore.swift; sourceTree = "<group>"; };
		7D9416531F1B6D1200745C90 /* ItemCell.swift */ = {isa = PBXFileReference; fileEncoding = 4; lastKnownFileType = sourcecode.swift; path = ItemCell.swift; sourceTree = "<group>"; };
		7DD36F241F1A28C7002092C5 /* Homepwner.app */ = {isa = PBXFileReference; explicitFileType = wrapper.application; includeInIndex = 0; path = Homepwner.app; sourceTree = BUILT_PRODUCTS_DIR; };
		7DD36F271F1A28C7002092C5 /* AppDelegate.swift */ = {isa = PBXFileReference; lastKnownFileType = sourcecode.swift; path = AppDelegate.swift; sourceTree = "<group>"; };
		7DD36F2C1F1A28C7002092C5 /* Base */ = {isa = PBXFileReference; lastKnownFileType = file.storyboard; name = Base; path = Base.lproj/Main.storyboard; sourceTree = "<group>"; };
		7DD36F2E1F1A28C7002092C5 /* Assets.xcassets */ = {isa = PBXFileReference; lastKnownFileType = folder.assetcatalog; path = Assets.xcassets; sourceTree = "<group>"; };
		7DD36F311F1A28C7002092C5 /* Base */ = {isa = PBXFileReference; lastKnownFileType = file.storyboard; name = Base; path = Base.lproj/LaunchScreen.storyboard; sourceTree = "<group>"; };
		7DD36F331F1A28C7002092C5 /* Info.plist */ = {isa = PBXFileReference; lastKnownFileType = text.plist.xml; path = Info.plist; sourceTree = "<group>"; };
/* End PBXFileReference section */

/* Begin PBXFrameworksBuildPhase section */
		7DD36F211F1A28C7002092C5 /* Frameworks */ = {
			isa = PBXFrameworksBuildPhase;
			buildActionMask = 2147483647;
			files = (
			);
			runOnlyForDeploymentPostprocessing = 0;
		};
/* End PBXFrameworksBuildPhase section */

/* Begin PBXGroup section */
		7DD36F1B1F1A28C7002092C5 = {
			isa = PBXGroup;
			children = (
				7DD36F261F1A28C7002092C5 /* Homepwner */,
				7DD36F251F1A28C7002092C5 /* Products */,
			);
			sourceTree = "<group>";
		};
		7DD36F251F1A28C7002092C5 /* Products */ = {
			isa = PBXGroup;
			children = (
				7DD36F241F1A28C7002092C5 /* Homepwner.app */,
			);
			name = Products;
			sourceTree = "<group>";
		};
		7DD36F261F1A28C7002092C5 /* Homepwner */ = {
			isa = PBXGroup;
			children = (
				7DD36F271F1A28C7002092C5 /* AppDelegate.swift */,
				7D94164D1F1A366C00745C90 /* ItemsViewController.swift */,
				7D9416531F1B6D1200745C90 /* ItemCell.swift */,
				7DD36F2B1F1A28C7002092C5 /* Main.storyboard */,
				7D94164F1F1A373D00745C90 /* Item.swift */,
				7D9416511F1A3DAA00745C90 /* ItemStore.swift */,
				7DD36F2E1F1A28C7002092C5 /* Assets.xcassets */,
				7DD36F301F1A28C7002092C5 /* LaunchScreen.storyboard */,
				7DD36F331F1A28C7002092C5 /* Info.plist */,
			);
			path = Homepwner;
			sourceTree = "<group>";
		};
/* End PBXGroup section */

/* Begin PBXNativeTarget section */
		7DD36F231F1A28C7002092C5 /* Homepwner */ = {
			isa = PBXNativeTarget;
			buildConfigurationList = 7DD36F361F1A28C7002092C5 /* Build configuration list for PBXNativeTarget "Homepwner" */;
			buildPhases = (
				7DD36F201F1A28C7002092C5 /* Sources */,
				7DD36F211F1A28C7002092C5 /* Frameworks */,
				7DD36F221F1A28C7002092C5 /* Resources */,
			);
			buildRules = (
			);
			dependencies = (
			);
			name = Homepwner;
			productName = Homepwner;
			productReference = 7DD36F241F1A28C7002092C5 /* Homepwner.app */;
			productType = "com.apple.product-type.application";
		};
/* End PBXNativeTarget section */

/* Begin PBXProject section */
		7DD36F1C1F1A28C7002092C5 /* Project object */ = {
			isa = PBXProject;
			attributes = {
				LastSwiftUpdateCheck = 0830;
				LastUpgradeCheck = 0830;
				ORGANIZATIONNAME = Alpaca;
				TargetAttributes = {
					7DD36F231F1A28C7002092C5 = {
						CreatedOnToolsVersion = 8.3.3;
						DevelopmentTeam = WJV2E4572L;
						ProvisioningStyle = Automatic;
					};
				};
			};
			buildConfigurationList = 7DD36F1F1F1A28C7002092C5 /* Build configuration list for PBXProject "Homepwner" */;
			compatibilityVersion = "Xcode 3.2";
			developmentRegion = English;
			hasScannedForEncodings = 0;
			knownRegions = (
				en,
				Base,
			);
			mainGroup = 7DD36F1B1F1A28C7002092C5;
			productRefGroup = 7DD36F251F1A28C7002092C5 /* Products */;
			projectDirPath = "";
			projectRoot = "";
			targets = (
				7DD36F231F1A28C7002092C5 /* Homepwner */,
			);
		};
/* End PBXProject section */

/* Begin PBXResourcesBuildPhase section */
		7DD36F221F1A28C7002092C5 /* Resources */ = {
			isa = PBXResourcesBuildPhase;
			buildActionMask = 2147483647;
			files = (
				7DD36F321F1A28C7002092C5 /* LaunchScreen.storyboard in Resources */,
				7DD36F2F1F1A28C7002092C5 /* Assets.xcassets in Resources */,
				7DD36F2D1F1A28C7002092C5 /* Main.storyboard in Resources */,
			);
			runOnlyForDeploymentPostprocessing = 0;
		};
/* End PBXResourcesBuildPhase section */

/* Begin PBXSourcesBuildPhase section */
		7DD36F201F1A28C7002092C5 /* Sources */ = {
			isa = PBXSourcesBuildPhase;
			buildActionMask = 2147483647;
			files = (
				7D94164E1F1A366C00745C90 /* ItemsViewController.swift in Sources */,
				7D9416501F1A373D00745C90 /* Item.swift in Sources */,
				7D9416521F1A3DAA00745C90 /* ItemStore.swift in Sources */,
				7DD36F281F1A28C7002092C5 /* AppDelegate.swift in Sources */,
				7D9416541F1B6D1200745C90 /* ItemCell.swift in Sources */,
			);
			runOnlyForDeploymentPostprocessing = 0;
		};
/* End PBXSourcesBuildPhase section */

/* Begin PBXVariantGroup section */
		7DD36F2B1F1A28C7002092C5 /* Main.storyboard */ = {
			isa = PBXVariantGroup;
			children = (
				7DD36F2C1F1A28C7002092C5 /* Base */,
			);
			name = Main.storyboard;
			sourceTree = "<group>";
		};
		7DD36F301F1A28C7002092C5 /* LaunchScreen.storyboard */ = {
			isa = PBXVariantGroup;
			children = (
				7DD36F311F1A28C7002092C5 /* Base */,
			);
			name = LaunchScreen.storyboard;
			sourceTree = "<group>";
		};
/* End PBXVariantGroup section */

/* Begin XCBuildConfiguration section */
		7DD36F341F1A28C7002092C5 /* Debug */ = {
			isa = XCBuildConfiguration;
			buildSettings = {
				ALWAYS_SEARCH_USER_PATHS = NO;
				CLANG_ANALYZER_NONNULL = YES;
				CLANG_ANALYZER_NUMBER_OBJECT_CONVERSION = YES_AGGRESSIVE;
				CLANG_CXX_LANGUAGE_STANDARD = "gnu++0x";
				CLANG_CXX_LIBRARY = "libc++";
				CLANG_ENABLE_MODULES = YES;
				CLANG_ENABLE_OBJC_ARC = YES;
				CLANG_WARN_BOOL_CONVERSION = YES;
				CLANG_WARN_CONSTANT_CONVERSION = YES;
				CLANG_WARN_DIRECT_OBJC_ISA_USAGE = YES_ERROR;
				CLANG_WARN_DOCUMENTATION_COMMENTS = YES;
				CLANG_WARN_EMPTY_BODY = YES;
				CLANG_WARN_ENUM_CONVERSION = YES;
				CLANG_WARN_INFINITE_RECURSION = YES;
				CLANG_WARN_INT_CONVERSION = YES;
				CLANG_WARN_OBJC_ROOT_CLASS = YES_ERROR;
				CLANG_WARN_SUSPICIOUS_MOVE = YES;
				CLANG_WARN_UNREACHABLE_CODE = YES;
				CLANG_WARN__DUPLICATE_METHOD_MATCH = YES;
				"CODE_SIGN_IDENTITY[sdk=iphoneos*]" = "iPhone Developer";
				COPY_PHASE_STRIP = NO;
				DEBUG_INFORMATION_FORMAT = dwarf;
				ENABLE_STRICT_OBJC_MSGSEND = YES;
				ENABLE_TESTABILITY = YES;
				GCC_C_LANGUAGE_STANDARD = gnu99;
				GCC_DYNAMIC_NO_PIC = NO;
				GCC_NO_COMMON_BLOCKS = YES;
				GCC_OPTIMIZATION_LEVEL = 0;
				GCC_PREPROCESSOR_DEFINITIONS = (
					"DEBUG=1",
					"$(inherited)",
				);
				GCC_WARN_64_TO_32_BIT_CONVERSION = YES;
				GCC_WARN_ABOUT_RETURN_TYPE = YES_ERROR;
				GCC_WARN_UNDECLARED_SELECTOR = YES;
				GCC_WARN_UNINITIALIZED_AUTOS = YES_AGGRESSIVE;
				GCC_WARN_UNUSED_FUNCTION = YES;
				GCC_WARN_UNUSED_VARIABLE = YES;
				IPHONEOS_DEPLOYMENT_TARGET = 10.3;
				MTL_ENABLE_DEBUG_INFO = YES;
				ONLY_ACTIVE_ARCH = YES;
				SDKROOT = iphoneos;
				SWIFT_ACTIVE_COMPILATION_CONDITIONS = DEBUG;
				SWIFT_OPTIMIZATION_LEVEL = "-Onone";
			};
			name = Debug;
		};
		7DD36F351F1A28C7002092C5 /* Release */ = {
			isa = XCBuildConfiguration;
			buildSettings = {
				ALWAYS_SEARCH_USER_PATHS = NO;
				CLANG_ANALYZER_NONNULL = YES;
				CLANG_ANALYZER_NUMBER_OBJECT_CONVERSION = YES_AGGRESSIVE;
				CLANG_CXX_LANGUAGE_STANDARD = "gnu++0x";
				CLANG_CXX_LIBRARY = "libc++";
				CLANG_ENABLE_MODULES = YES;
				CLANG_ENABLE_OBJC_ARC = YES;
				CLANG_WARN_BOOL_CONVERSION = YES;
				CLANG_WARN_CONSTANT_CONVERSION = YES;
				CLANG_WARN_DIRECT_OBJC_ISA_USAGE = YES_ERROR;
				CLANG_WARN_DOCUMENTATION_COMMENTS = YES;
				CLANG_WARN_EMPTY_BODY = YES;
				CLANG_WARN_ENUM_CONVERSION = YES;
				CLANG_WARN_INFINITE_RECURSION = YES;
				CLANG_WARN_INT_CONVERSION = YES;
				CLANG_WARN_OBJC_ROOT_CLASS = YES_ERROR;
				CLANG_WARN_SUSPICIOUS_MOVE = YES;
				CLANG_WARN_UNREACHABLE_CODE = YES;
				CLANG_WARN__DUPLICATE_METHOD_MATCH = YES;
				"CODE_SIGN_IDENTITY[sdk=iphoneos*]" = "iPhone Developer";
				COPY_PHASE_STRIP = NO;
				DEBUG_INFORMATION_FORMAT = "dwarf-with-dsym";
				ENABLE_NS_ASSERTIONS = NO;
				ENABLE_STRICT_OBJC_MSGSEND = YES;
				GCC_C_LANGUAGE_STANDARD = gnu99;
				GCC_NO_COMMON_BLOCKS = YES;
				GCC_WARN_64_TO_32_BIT_CONVERSION = YES;
				GCC_WARN_ABOUT_RETURN_TYPE = YES_ERROR;
				GCC_WARN_UNDECLARED_SELECTOR = YES;
				GCC_WARN_UNINITIALIZED_AUTOS = YES_AGGRESSIVE;
				GCC_WARN_UNUSED_FUNCTION = YES;
				GCC_WARN_UNUSED_VARIABLE = YES;
				IPHONEOS_DEPLOYMENT_TARGET = 10.3;
				MTL_ENABLE_DEBUG_INFO = NO;
				SDKROOT = iphoneos;
				SWIFT_OPTIMIZATION_LEVEL = "-Owholemodule";
				VALIDATE_PRODUCT = YES;
			};
			name = Release;
		};
		7DD36F371F1A28C7002092C5 /* Debug */ = {
			isa = XCBuildConfiguration;
			buildSettings = {
				ASSETCATALOG_COMPILER_APPICON_NAME = AppIcon;
				DEVELOPMENT_TEAM = WJV2E4572L;
				INFOPLIST_FILE = Homepwner/Info.plist;
				LD_RUNPATH_SEARCH_PATHS = "$(inherited) @executable_path/Frameworks";
				PRODUCT_BUNDLE_IDENTIFIER = alpaca.Homepwner;
				PRODUCT_NAME = "$(TARGET_NAME)";
				SWIFT_VERSION = 3.0;
			};
			name = Debug;
		};
		7DD36F381F1A28C7002092C5 /* Release */ = {
			isa = XCBuildConfiguration;
			buildSettings = {
				ASSETCATALOG_COMPILER_APPICON_NAME = AppIcon;
				DEVELOPMENT_TEAM = WJV2E4572L;
				INFOPLIST_FILE = Homepwner/Info.plist;
				LD_RUNPATH_SEARCH_PATHS = "$(inherited) @executable_path/Frameworks";
				PRODUCT_BUNDLE_IDENTIFIER = alpaca.Homepwner;
				PRODUCT_NAME = "$(TARGET_NAME)";
				SWIFT_VERSION = 3.0;
			};
			name = Release;
		};
/* End XCBuildConfiguration section */

/* Begin XCConfigurationList section */
		7DD36F1F1F1A28C7002092C5 /* Build configuration list for PBXProject "Homepwner" */ = {
			isa = XCConfigurationList;
			buildConfigurations = (
				7DD36F341F1A28C7002092C5 /* Debug */,
				7DD36F351F1A28C7002092C5 /* Release */,
			);
			defaultConfigurationIsVisible = 0;
			defaultConfigurationName = Release;
		};
		7DD36F361F1A28C7002092C5 /* Build configuration list for PBXNativeTarget "Homepwner" */ = {
			isa = XCConfigurationList;
			buildConfigurations = (
				7DD36F371F1A28C7002092C5 /* Debug */,
				7DD36F381F1A28C7002092C5 /* Release */,
			);
			defaultConfigurationIsVisible = 0;
			defaultConfigurationName = Release;
		};
/* End XCConfigurationList section */
	};
	rootObject = 7DD36F1C1F1A28C7002092C5 /* Project object */;
}
