// !$*UTF8*$!
{
	archiveVersion = 1;
	classes = {
	};
	objectVersion = 46;
	objects = {

/* Begin PBXBuildFile section */
		7DCCFF761F090537009AA0F3 /* AppDelegate.swift in Sources */ = {isa = PBXBuildFile; fileRef = 7DCCFF751F090537009AA0F3 /* AppDelegate.swift */; };
		7DCCFF781F090537009AA0F3 /* LoginViewController.swift in Sources */ = {isa = PBXBuildFile; fileRef = 7DCCFF771F090537009AA0F3 /* LoginViewController.swift */; };
		7DCCFF7B1F090537009AA0F3 /* Main.storyboard in Resources */ = {isa = PBXBuildFile; fileRef = 7DCCFF791F090537009AA0F3 /* Main.storyboard */; };
		7DCCFF7D1F090537009AA0F3 /* Assets.xcassets in Resources */ = {isa = PBXBuildFile; fileRef = 7DCCFF7C1F090537009AA0F3 /* Assets.xcassets */; };
		7DCCFF801F090537009AA0F3 /* LaunchScreen.storyboard in Resources */ = {isa = PBXBuildFile; fileRef = 7DCCFF7E1F090537009AA0F3 /* LaunchScreen.storyboard */; };
		7DCCFF8B1F090537009AA0F3 /* LoginSceneTests.swift in Sources */ = {isa = PBXBuildFile; fileRef = 7DCCFF8A1F090537009AA0F3 /* LoginSceneTests.swift */; };
/* End PBXBuildFile section */

/* Begin PBXContainerItemProxy section */
		7DCCFF871F090537009AA0F3 /* PBXContainerItemProxy */ = {
			isa = PBXContainerItemProxy;
			containerPortal = 7DCCFF6A1F090537009AA0F3 /* Project object */;
			proxyType = 1;
			remoteGlobalIDString = 7DCCFF711F090537009AA0F3;
			remoteInfo = LoginScene;
		};
/* End PBXContainerItemProxy section */

/* Begin PBXFileReference section */
		7DCCFF721F090537009AA0F3 /* LoginScene.app */ = {isa = PBXFileReference; explicitFileType = wrapper.application; includeInIndex = 0; path = LoginScene.app; sourceTree = BUILT_PRODUCTS_DIR; };
		7DCCFF751F090537009AA0F3 /* AppDelegate.swift */ = {isa = PBXFileReference; lastKnownFileType = sourcecode.swift; path = AppDelegate.swift; sourceTree = "<group>"; };
		7DCCFF771F090537009AA0F3 /* LoginViewController.swift */ = {isa = PBXFileReference; lastKnownFileType = sourcecode.swift; path = LoginViewController.swift; sourceTree = "<group>"; };
		7DCCFF7A1F090537009AA0F3 /* Base */ = {isa = PBXFileReference; lastKnownFileType = file.storyboard; name = Base; path = Base.lproj/Main.storyboard; sourceTree = "<group>"; };
		7DCCFF7C1F090537009AA0F3 /* Assets.xcassets */ = {isa = PBXFileReference; lastKnownFileType = folder.assetcatalog; path = Assets.xcassets; sourceTree = "<group>"; };
		7DCCFF7F1F090537009AA0F3 /* Base */ = {isa = PBXFileReference; lastKnownFileType = file.storyboard; name = Base; path = Base.lproj/LaunchScreen.storyboard; sourceTree = "<group>"; };
		7DCCFF811F090537009AA0F3 /* Info.plist */ = {isa = PBXFileReference; lastKnownFileType = text.plist.xml; path = Info.plist; sourceTree = "<group>"; };
		7DCCFF861F090537009AA0F3 /* LoginSceneTests.xctest */ = {isa = PBXFileReference; explicitFileType = wrapper.cfbundle; includeInIndex = 0; path = LoginSceneTests.xctest; sourceTree = BUILT_PRODUCTS_DIR; };
		7DCCFF8A1F090537009AA0F3 /* LoginSceneTests.swift */ = {isa = PBXFileReference; lastKnownFileType = sourcecode.swift; path = LoginSceneTests.swift; sourceTree = "<group>"; };
		7DCCFF8C1F090537009AA0F3 /* Info.plist */ = {isa = PBXFileReference; lastKnownFileType = text.plist.xml; path = Info.plist; sourceTree = "<group>"; };
/* End PBXFileReference section */

/* Begin PBXFrameworksBuildPhase section */
		7DCCFF6F1F090537009AA0F3 /* Frameworks */ = {
			isa = PBXFrameworksBuildPhase;
			buildActionMask = 2147483647;
			files = (
			);
			runOnlyForDeploymentPostprocessing = 0;
		};
		7DCCFF831F090537009AA0F3 /* Frameworks */ = {
			isa = PBXFrameworksBuildPhase;
			buildActionMask = 2147483647;
			files = (
			);
			runOnlyForDeploymentPostprocessing = 0;
		};
/* End PBXFrameworksBuildPhase section */

/* Begin PBXGroup section */
		7DCCFF691F090537009AA0F3 = {
			isa = PBXGroup;
			children = (
				7DCCFF741F090537009AA0F3 /* LoginScene */,
				7DCCFF891F090537009AA0F3 /* LoginSceneTests */,
				7DCCFF731F090537009AA0F3 /* Products */,
			);
			sourceTree = "<group>";
		};
		7DCCFF731F090537009AA0F3 /* Products */ = {
			isa = PBXGroup;
			children = (
				7DCCFF721F090537009AA0F3 /* LoginScene.app */,
				7DCCFF861F090537009AA0F3 /* LoginSceneTests.xctest */,
			);
			name = Products;
			sourceTree = "<group>";
		};
		7DCCFF741F090537009AA0F3 /* LoginScene */ = {
			isa = PBXGroup;
			children = (
				7DCCFF751F090537009AA0F3 /* AppDelegate.swift */,
				7DCCFF771F090537009AA0F3 /* LoginViewController.swift */,
				7DCCFF791F090537009AA0F3 /* Main.storyboard */,
				7DCCFF7C1F090537009AA0F3 /* Assets.xcassets */,
				7DCCFF7E1F090537009AA0F3 /* LaunchScreen.storyboard */,
				7DCCFF811F090537009AA0F3 /* Info.plist */,
			);
			path = LoginScene;
			sourceTree = "<group>";
		};
		7DCCFF891F090537009AA0F3 /* LoginSceneTests */ = {
			isa = PBXGroup;
			children = (
				7DCCFF8A1F090537009AA0F3 /* LoginSceneTests.swift */,
				7DCCFF8C1F090537009AA0F3 /* Info.plist */,
			);
			path = LoginSceneTests;
			sourceTree = "<group>";
		};
/* End PBXGroup section */

/* Begin PBXNativeTarget section */
		7DCCFF711F090537009AA0F3 /* LoginScene */ = {
			isa = PBXNativeTarget;
			buildConfigurationList = 7DCCFF8F1F090537009AA0F3 /* Build configuration list for PBXNativeTarget "LoginScene" */;
			buildPhases = (
				7DCCFF6E1F090537009AA0F3 /* Sources */,
				7DCCFF6F1F090537009AA0F3 /* Frameworks */,
				7DCCFF701F090537009AA0F3 /* Resources */,
			);
			buildRules = (
			);
			dependencies = (
			);
			name = LoginScene;
			productName = LoginScene;
			productReference = 7DCCFF721F090537009AA0F3 /* LoginScene.app */;
			productType = "com.apple.product-type.application";
		};
		7DCCFF851F090537009AA0F3 /* LoginSceneTests */ = {
			isa = PBXNativeTarget;
			buildConfigurationList = 7DCCFF921F090537009AA0F3 /* Build configuration list for PBXNativeTarget "LoginSceneTests" */;
			buildPhases = (
				7DCCFF821F090537009AA0F3 /* Sources */,
				7DCCFF831F090537009AA0F3 /* Frameworks */,
				7DCCFF841F090537009AA0F3 /* Resources */,
			);
			buildRules = (
			);
			dependencies = (
				7DCCFF881F090537009AA0F3 /* PBXTargetDependency */,
			);
			name = LoginSceneTests;
			productName = LoginSceneTests;
			productReference = 7DCCFF861F090537009AA0F3 /* LoginSceneTests.xctest */;
			productType = "com.apple.product-type.bundle.unit-test";
		};
/* End PBXNativeTarget section */

/* Begin PBXProject section */
		7DCCFF6A1F090537009AA0F3 /* Project object */ = {
			isa = PBXProject;
			attributes = {
				LastSwiftUpdateCheck = 0830;
				LastUpgradeCheck = 0830;
				ORGANIZATIONNAME = Alpaca;
				TargetAttributes = {
					7DCCFF711F090537009AA0F3 = {
						CreatedOnToolsVersion = 8.3.3;
						DevelopmentTeam = WJV2E4572L;
						ProvisioningStyle = Automatic;
					};
					7DCCFF851F090537009AA0F3 = {
						CreatedOnToolsVersion = 8.3.3;
						DevelopmentTeam = WJV2E4572L;
						ProvisioningStyle = Automatic;
						TestTargetID = 7DCCFF711F090537009AA0F3;
					};
				};
			};
			buildConfigurationList = 7DCCFF6D1F090537009AA0F3 /* Build configuration list for PBXProject "LoginScene" */;
			compatibilityVersion = "Xcode 3.2";
			developmentRegion = English;
			hasScannedForEncodings = 0;
			knownRegions = (
				en,
				Base,
			);
			mainGroup = 7DCCFF691F090537009AA0F3;
			productRefGroup = 7DCCFF731F090537009AA0F3 /* Products */;
			projectDirPath = "";
			projectRoot = "";
			targets = (
				7DCCFF711F090537009AA0F3 /* LoginScene */,
				7DCCFF851F090537009AA0F3 /* LoginSceneTests */,
			);
		};
/* End PBXProject section */

/* Begin PBXResourcesBuildPhase section */
		7DCCFF701F090537009AA0F3 /* Resources */ = {
			isa = PBXResourcesBuildPhase;
			buildActionMask = 2147483647;
			files = (
				7DCCFF801F090537009AA0F3 /* LaunchScreen.storyboard in Resources */,
				7DCCFF7D1F090537009AA0F3 /* Assets.xcassets in Resources */,
				7DCCFF7B1F090537009AA0F3 /* Main.storyboard in Resources */,
			);
			runOnlyForDeploymentPostprocessing = 0;
		};
		7DCCFF841F090537009AA0F3 /* Resources */ = {
			isa = PBXResourcesBuildPhase;
			buildActionMask = 2147483647;
			files = (
			);
			runOnlyForDeploymentPostprocessing = 0;
		};
/* End PBXResourcesBuildPhase section */

/* Begin PBXSourcesBuildPhase section */
		7DCCFF6E1F090537009AA0F3 /* Sources */ = {
			isa = PBXSourcesBuildPhase;
			buildActionMask = 2147483647;
			files = (
				7DCCFF781F090537009AA0F3 /* LoginViewController.swift in Sources */,
				7DCCFF761F090537009AA0F3 /* AppDelegate.swift in Sources */,
			);
			runOnlyForDeploymentPostprocessing = 0;
		};
		7DCCFF821F090537009AA0F3 /* Sources */ = {
			isa = PBXSourcesBuildPhase;
			buildActionMask = 2147483647;
			files = (
				7DCCFF8B1F090537009AA0F3 /* LoginSceneTests.swift in Sources */,
			);
			runOnlyForDeploymentPostprocessing = 0;
		};
/* End PBXSourcesBuildPhase section */

/* Begin PBXTargetDependency section */
		7DCCFF881F090537009AA0F3 /* PBXTargetDependency */ = {
			isa = PBXTargetDependency;
			target = 7DCCFF711F090537009AA0F3 /* LoginScene */;
			targetProxy = 7DCCFF871F090537009AA0F3 /* PBXContainerItemProxy */;
		};
/* End PBXTargetDependency section */

/* Begin PBXVariantGroup section */
		7DCCFF791F090537009AA0F3 /* Main.storyboard */ = {
			isa = PBXVariantGroup;
			children = (
				7DCCFF7A1F090537009AA0F3 /* Base */,
			);
			name = Main.storyboard;
			sourceTree = "<group>";
		};
		7DCCFF7E1F090537009AA0F3 /* LaunchScreen.storyboard */ = {
			isa = PBXVariantGroup;
			children = (
				7DCCFF7F1F090537009AA0F3 /* Base */,
			);
			name = LaunchScreen.storyboard;
			sourceTree = "<group>";
		};
/* End PBXVariantGroup section */

/* Begin XCBuildConfiguration section */
		7DCCFF8D1F090537009AA0F3 /* Debug */ = {
			isa = XCBuildConfiguration;
			buildSettings = {
				ALWAYS_SEARCH_USER_PATHS = NO;
				CLANG_ANALYZER_NONNULL = YES;
				CLANG_ANALYZER_NUMBER_OBJECT_CONVERSION = YES_AGGRESSIVE;
				CLANG_CXX_LANGUAGE_STANDARD = "gnu++0x";
				CLANG_CXX_LIBRARY = "libc++";
				CLANG_ENABLE_MODULES = YES;
				CLANG_ENABLE_OBJC_ARC = YES;
				CLANG_WARN_BOOL_CONVERSION = YES;
				CLANG_WARN_CONSTANT_CONVERSION = YES;
				CLANG_WARN_DIRECT_OBJC_ISA_USAGE = YES_ERROR;
				CLANG_WARN_DOCUMENTATION_COMMENTS = YES;
				CLANG_WARN_EMPTY_BODY = YES;
				CLANG_WARN_ENUM_CONVERSION = YES;
				CLANG_WARN_INFINITE_RECURSION = YES;
				CLANG_WARN_INT_CONVERSION = YES;
				CLANG_WARN_OBJC_ROOT_CLASS = YES_ERROR;
				CLANG_WARN_SUSPICIOUS_MOVE = YES;
				CLANG_WARN_UNREACHABLE_CODE = YES;
				CLANG_WARN__DUPLICATE_METHOD_MATCH = YES;
				"CODE_SIGN_IDENTITY[sdk=iphoneos*]" = "iPhone Developer";
				COPY_PHASE_STRIP = NO;
				DEBUG_INFORMATION_FORMAT = dwarf;
				ENABLE_STRICT_OBJC_MSGSEND = YES;
				ENABLE_TESTABILITY = YES;
				GCC_C_LANGUAGE_STANDARD = gnu99;
				GCC_DYNAMIC_NO_PIC = NO;
				GCC_NO_COMMON_BLOCKS = YES;
				GCC_OPTIMIZATION_LEVEL = 0;
				GCC_PREPROCESSOR_DEFINITIONS = (
					"DEBUG=1",
					"$(inherited)",
				);
				GCC_WARN_64_TO_32_BIT_CONVERSION = YES;
				GCC_WARN_ABOUT_RETURN_TYPE = YES_ERROR;
				GCC_WARN_UNDECLARED_SELECTOR = YES;
				GCC_WARN_UNINITIALIZED_AUTOS = YES_AGGRESSIVE;
				GCC_WARN_UNUSED_FUNCTION = YES;
				GCC_WARN_UNUSED_VARIABLE = YES;
				IPHONEOS_DEPLOYMENT_TARGET = 10.3;
				MTL_ENABLE_DEBUG_INFO = YES;
				ONLY_ACTIVE_ARCH = YES;
				SDKROOT = iphoneos;
				SWIFT_ACTIVE_COMPILATION_CONDITIONS = DEBUG;
				SWIFT_OPTIMIZATION_LEVEL = "-Onone";
				TARGETED_DEVICE_FAMILY = "1,2";
			};
			name = Debug;
		};
		7DCCFF8E1F090537009AA0F3 /* Release */ = {
			isa = XCBuildConfiguration;
			buildSettings = {
				ALWAYS_SEARCH_USER_PATHS = NO;
				CLANG_ANALYZER_NONNULL = YES;
				CLANG_ANALYZER_NUMBER_OBJECT_CONVERSION = YES_AGGRESSIVE;
				CLANG_CXX_LANGUAGE_STANDARD = "gnu++0x";
				CLANG_CXX_LIBRARY = "libc++";
				CLANG_ENABLE_MODULES = YES;
				CLANG_ENABLE_OBJC_ARC = YES;
				CLANG_WARN_BOOL_CONVERSION = YES;
				CLANG_WARN_CONSTANT_CONVERSION = YES;
				CLANG_WARN_DIRECT_OBJC_ISA_USAGE = YES_ERROR;
				CLANG_WARN_DOCUMENTATION_COMMENTS = YES;
				CLANG_WARN_EMPTY_BODY = YES;
				CLANG_WARN_ENUM_CONVERSION = YES;
				CLANG_WARN_INFINITE_RECURSION = YES;
				CLANG_WARN_INT_CONVERSION = YES;
				CLANG_WARN_OBJC_ROOT_CLASS = YES_ERROR;
				CLANG_WARN_SUSPICIOUS_MOVE = YES;
				CLANG_WARN_UNREACHABLE_CODE = YES;
				CLANG_WARN__DUPLICATE_METHOD_MATCH = YES;
				"CODE_SIGN_IDENTITY[sdk=iphoneos*]" = "iPhone Developer";
				COPY_PHASE_STRIP = NO;
				DEBUG_INFORMATION_FORMAT = "dwarf-with-dsym";
				ENABLE_NS_ASSERTIONS = NO;
				ENABLE_STRICT_OBJC_MSGSEND = YES;
				GCC_C_LANGUAGE_STANDARD = gnu99;
				GCC_NO_COMMON_BLOCKS = YES;
				GCC_WARN_64_TO_32_BIT_CONVERSION = YES;
				GCC_WARN_ABOUT_RETURN_TYPE = YES_ERROR;
				GCC_WARN_UNDECLARED_SELECTOR = YES;
				GCC_WARN_UNINITIALIZED_AUTOS = YES_AGGRESSIVE;
				GCC_WARN_UNUSED_FUNCTION = YES;
				GCC_WARN_UNUSED_VARIABLE = YES;
				IPHONEOS_DEPLOYMENT_TARGET = 10.3;
				MTL_ENABLE_DEBUG_INFO = NO;
				SDKROOT = iphoneos;
				SWIFT_OPTIMIZATION_LEVEL = "-Owholemodule";
				TARGETED_DEVICE_FAMILY = "1,2";
				VALIDATE_PRODUCT = YES;
			};
			name = Release;
		};
		7DCCFF901F090537009AA0F3 /* Debug */ = {
			isa = XCBuildConfiguration;
			buildSettings = {
				ASSETCATALOG_COMPILER_APPICON_NAME = AppIcon;
				DEVELOPMENT_TEAM = WJV2E4572L;
				INFOPLIST_FILE = LoginScene/Info.plist;
				LD_RUNPATH_SEARCH_PATHS = "$(inherited) @executable_path/Frameworks";
				PRODUCT_BUNDLE_IDENTIFIER = alpaca.LoginScene;
				PRODUCT_NAME = "$(TARGET_NAME)";
				SWIFT_VERSION = 3.0;
			};
			name = Debug;
		};
		7DCCFF911F090537009AA0F3 /* Release */ = {
			isa = XCBuildConfiguration;
			buildSettings = {
				ASSETCATALOG_COMPILER_APPICON_NAME = AppIcon;
				DEVELOPMENT_TEAM = WJV2E4572L;
				INFOPLIST_FILE = LoginScene/Info.plist;
				LD_RUNPATH_SEARCH_PATHS = "$(inherited) @executable_path/Frameworks";
				PRODUCT_BUNDLE_IDENTIFIER = alpaca.LoginScene;
				PRODUCT_NAME = "$(TARGET_NAME)";
				SWIFT_VERSION = 3.0;
			};
			name = Release;
		};
		7DCCFF931F090537009AA0F3 /* Debug */ = {
			isa = XCBuildConfiguration;
			buildSettings = {
				ALWAYS_EMBED_SWIFT_STANDARD_LIBRARIES = YES;
				BUNDLE_LOADER = "$(TEST_HOST)";
				DEVELOPMENT_TEAM = WJV2E4572L;
				INFOPLIST_FILE = LoginSceneTests/Info.plist;
				LD_RUNPATH_SEARCH_PATHS = "$(inherited) @executable_path/Frameworks @loader_path/Frameworks";
				PRODUCT_BUNDLE_IDENTIFIER = alpaca.LoginSceneTests;
				PRODUCT_NAME = "$(TARGET_NAME)";
				SWIFT_VERSION = 3.0;
				TEST_HOST = "$(BUILT_PRODUCTS_DIR)/LoginScene.app/LoginScene";
			};
			name = Debug;
		};
		7DCCFF941F090537009AA0F3 /* Release */ = {
			isa = XCBuildConfiguration;
			buildSettings = {
				ALWAYS_EMBED_SWIFT_STANDARD_LIBRARIES = YES;
				BUNDLE_LOADER = "$(TEST_HOST)";
				DEVELOPMENT_TEAM = WJV2E4572L;
				INFOPLIST_FILE = LoginSceneTests/Info.plist;
				LD_RUNPATH_SEARCH_PATHS = "$(inherited) @executable_path/Frameworks @loader_path/Frameworks";
				PRODUCT_BUNDLE_IDENTIFIER = alpaca.LoginSceneTests;
				PRODUCT_NAME = "$(TARGET_NAME)";
				SWIFT_VERSION = 3.0;
				TEST_HOST = "$(BUILT_PRODUCTS_DIR)/LoginScene.app/LoginScene";
			};
			name = Release;
		};
/* End XCBuildConfiguration section */

/* Begin XCConfigurationList section */
		7DCCFF6D1F090537009AA0F3 /* Build configuration list for PBXProject "LoginScene" */ = {
			isa = XCConfigurationList;
			buildConfigurations = (
				7DCCFF8D1F090537009AA0F3 /* Debug */,
				7DCCFF8E1F090537009AA0F3 /* Release */,
			);
			defaultConfigurationIsVisible = 0;
			defaultConfigurationName = Release;
		};
		7DCCFF8F1F090537009AA0F3 /* Build configuration list for PBXNativeTarget "LoginScene" */ = {
			isa = XCConfigurationList;
			buildConfigurations = (
				7DCCFF901F090537009AA0F3 /* Debug */,
				7DCCFF911F090537009AA0F3 /* Release */,
			);
			defaultConfigurationIsVisible = 0;
			defaultConfigurationName = Release;
		};
		7DCCFF921F090537009AA0F3 /* Build configuration list for PBXNativeTarget "LoginSceneTests" */ = {
			isa = XCConfigurationList;
			buildConfigurations = (
				7DCCFF931F090537009AA0F3 /* Debug */,
				7DCCFF941F090537009AA0F3 /* Release */,
			);
			defaultConfigurationIsVisible = 0;
			defaultConfigurationName = Release;
		};
/* End XCConfigurationList section */
	};
	rootObject = 7DCCFF6A1F090537009AA0F3 /* Project object */;
}
