// !$*UTF8*$!
{
	archiveVersion = 1;
	classes = {
	};
	objectVersion = 46;
	objects = {

/* Begin PBXBuildFile section */
		7D889A341F1200AC0051AA7D /* ConversionViewController.swift in Sources */ = {isa = PBXBuildFile; fileRef = 7D889A331F1200AC0051AA7D /* ConversionViewController.swift */; };
		7D889A371F1217F40051AA7D /* MapKit.framework in Frameworks */ = {isa = PBXBuildFile; fileRef = 7D889A361F1217F40051AA7D /* MapKit.framework */; };
		7D889A391F121A990051AA7D /* MapViewController.swift in Sources */ = {isa = PBXBuildFile; fileRef = 7D889A381F121A990051AA7D /* MapViewController.swift */; };
		7D889A3B1F122FA40051AA7D /* WebViewController.swift in Sources */ = {isa = PBXBuildFile; fileRef = 7D889A3A1F122FA40051AA7D /* WebViewController.swift */; };
		7DE604E31F0645B60011B1B7 /* AppDelegate.swift in Sources */ = {isa = PBXBuildFile; fileRef = 7DE604E21F0645B60011B1B7 /* AppDelegate.swift */; };
		7DE604E81F0645B60011B1B7 /* Main.storyboard in Resources */ = {isa = PBXBuildFile; fileRef = 7DE604E61F0645B60011B1B7 /* Main.storyboard */; };
		7DE604EA1F0645B60011B1B7 /* Assets.xcassets in Resources */ = {isa = PBXBuildFile; fileRef = 7DE604E91F0645B60011B1B7 /* Assets.xcassets */; };
		7DE604ED1F0645B60011B1B7 /* LaunchScreen.storyboard in Resources */ = {isa = PBXBuildFile; fileRef = 7DE604EB1F0645B60011B1B7 /* LaunchScreen.storyboard */; };
/* End PBXBuildFile section */

/* Begin PBXFileReference section */
		7D889A331F1200AC0051AA7D /* ConversionViewController.swift */ = {isa = PBXFileReference; fileEncoding = 4; lastKnownFileType = sourcecode.swift; name = ConversionViewController.swift; path = ../ConversionViewController.swift; sourceTree = "<group>"; };
		7D889A361F1217F40051AA7D /* MapKit.framework */ = {isa = PBXFileReference; lastKnownFileType = wrapper.framework; name = MapKit.framework; path = System/Library/Frameworks/MapKit.framework; sourceTree = SDKROOT; };
		7D889A381F121A990051AA7D /* MapViewController.swift */ = {isa = PBXFileReference; fileEncoding = 4; lastKnownFileType = sourcecode.swift; path = MapViewController.swift; sourceTree = "<group>"; };
		7D889A3A1F122FA40051AA7D /* WebViewController.swift */ = {isa = PBXFileReference; fileEncoding = 4; lastKnownFileType = sourcecode.swift; path = WebViewController.swift; sourceTree = "<group>"; };
		7DE604DF1F0645B60011B1B7 /* WorldTrotter.app */ = {isa = PBXFileReference; explicitFileType = wrapper.application; includeInIndex = 0; path = WorldTrotter.app; sourceTree = BUILT_PRODUCTS_DIR; };
		7DE604E21F0645B60011B1B7 /* AppDelegate.swift */ = {isa = PBXFileReference; lastKnownFileType = sourcecode.swift; path = AppDelegate.swift; sourceTree = "<group>"; };
		7DE604E71F0645B60011B1B7 /* Base */ = {isa = PBXFileReference; lastKnownFileType = file.storyboard; name = Base; path = Base.lproj/Main.storyboard; sourceTree = "<group>"; };
		7DE604E91F0645B60011B1B7 /* Assets.xcassets */ = {isa = PBXFileReference; lastKnownFileType = folder.assetcatalog; path = Assets.xcassets; sourceTree = "<group>"; };
		7DE604EC1F0645B60011B1B7 /* Base */ = {isa = PBXFileReference; lastKnownFileType = file.storyboard; name = Base; path = Base.lproj/LaunchScreen.storyboard; sourceTree = "<group>"; };
		7DE604EE1F0645B60011B1B7 /* Info.plist */ = {isa = PBXFileReference; lastKnownFileType = text.plist.xml; path = Info.plist; sourceTree = "<group>"; };
/* End PBXFileReference section */

/* Begin PBXFrameworksBuildPhase section */
		7DE604DC1F0645B60011B1B7 /* Frameworks */ = {
			isa = PBXFrameworksBuildPhase;
			buildActionMask = 2147483647;
			files = (
				7D889A371F1217F40051AA7D /* MapKit.framework in Frameworks */,
			);
			runOnlyForDeploymentPostprocessing = 0;
		};
/* End PBXFrameworksBuildPhase section */

/* Begin PBXGroup section */
		7D889A351F1217F30051AA7D /* Frameworks */ = {
			isa = PBXGroup;
			children = (
				7D889A361F1217F40051AA7D /* MapKit.framework */,
			);
			name = Frameworks;
			sourceTree = "<group>";
		};
		7DE604D61F0645B60011B1B7 = {
			isa = PBXGroup;
			children = (
				7DE604E11F0645B60011B1B7 /* WorldTrotter */,
				7DE604E01F0645B60011B1B7 /* Products */,
				7D889A351F1217F30051AA7D /* Frameworks */,
			);
			sourceTree = "<group>";
		};
		7DE604E01F0645B60011B1B7 /* Products */ = {
			isa = PBXGroup;
			children = (
				7DE604DF1F0645B60011B1B7 /* WorldTrotter.app */,
			);
			name = Products;
			sourceTree = "<group>";
		};
		7DE604E11F0645B60011B1B7 /* WorldTrotter */ = {
			isa = PBXGroup;
			children = (
				7DE604E21F0645B60011B1B7 /* AppDelegate.swift */,
				7D889A331F1200AC0051AA7D /* ConversionViewController.swift */,
				7D889A381F121A990051AA7D /* MapViewController.swift */,
				7D889A3A1F122FA40051AA7D /* WebViewController.swift */,
				7DE604E61F0645B60011B1B7 /* Main.storyboard */,
				7DE604E91F0645B60011B1B7 /* Assets.xcassets */,
				7DE604EB1F0645B60011B1B7 /* LaunchScreen.storyboard */,
				7DE604EE1F0645B60011B1B7 /* Info.plist */,
			);
			path = WorldTrotter;
			sourceTree = "<group>";
		};
/* End PBXGroup section */

/* Begin PBXNativeTarget section */
		7DE604DE1F0645B60011B1B7 /* WorldTrotter */ = {
			isa = PBXNativeTarget;
			buildConfigurationList = 7DE604F11F0645B60011B1B7 /* Build configuration list for PBXNativeTarget "WorldTrotter" */;
			buildPhases = (
				7DE604DB1F0645B60011B1B7 /* Sources */,
				7DE604DC1F0645B60011B1B7 /* Frameworks */,
				7DE604DD1F0645B60011B1B7 /* Resources */,
			);
			buildRules = (
			);
			dependencies = (
			);
			name = WorldTrotter;
			productName = WorldTrotter;
			productReference = 7DE604DF1F0645B60011B1B7 /* WorldTrotter.app */;
			productType = "com.apple.product-type.application";
		};
/* End PBXNativeTarget section */

/* Begin PBXProject section */
		7DE604D71F0645B60011B1B7 /* Project object */ = {
			isa = PBXProject;
			attributes = {
				LastSwiftUpdateCheck = 0830;
				LastUpgradeCheck = 0830;
				ORGANIZATIONNAME = Alpaca;
				TargetAttributes = {
					7DE604DE1F0645B60011B1B7 = {
						CreatedOnToolsVersion = 8.3.3;
						DevelopmentTeam = WJV2E4572L;
						ProvisioningStyle = Automatic;
					};
				};
			};
			buildConfigurationList = 7DE604DA1F0645B60011B1B7 /* Build configuration list for PBXProject "WorldTrotter" */;
			compatibilityVersion = "Xcode 3.2";
			developmentRegion = English;
			hasScannedForEncodings = 0;
			knownRegions = (
				en,
				Base,
			);
			mainGroup = 7DE604D61F0645B60011B1B7;
			productRefGroup = 7DE604E01F0645B60011B1B7 /* Products */;
			projectDirPath = "";
			projectRoot = "";
			targets = (
				7DE604DE1F0645B60011B1B7 /* WorldTrotter */,
			);
		};
/* End PBXProject section */

/* Begin PBXResourcesBuildPhase section */
		7DE604DD1F0645B60011B1B7 /* Resources */ = {
			isa = PBXResourcesBuildPhase;
			buildActionMask = 2147483647;
			files = (
				7DE604ED1F0645B60011B1B7 /* LaunchScreen.storyboard in Resources */,
				7DE604EA1F0645B60011B1B7 /* Assets.xcassets in Resources */,
				7DE604E81F0645B60011B1B7 /* Main.storyboard in Resources */,
			);
			runOnlyForDeploymentPostprocessing = 0;
		};
/* End PBXResourcesBuildPhase section */

/* Begin PBXSourcesBuildPhase section */
		7DE604DB1F0645B60011B1B7 /* Sources */ = {
			isa = PBXSourcesBuildPhase;
			buildActionMask = 2147483647;
			files = (
				7D889A341F1200AC0051AA7D /* ConversionViewController.swift in Sources */,
				7D889A391F121A990051AA7D /* MapViewController.swift in Sources */,
				7DE604E31F0645B60011B1B7 /* AppDelegate.swift in Sources */,
				7D889A3B1F122FA40051AA7D /* WebViewController.swift in Sources */,
			);
			runOnlyForDeploymentPostprocessing = 0;
		};
/* End PBXSourcesBuildPhase section */

/* Begin PBXVariantGroup section */
		7DE604E61F0645B60011B1B7 /* Main.storyboard */ = {
			isa = PBXVariantGroup;
			children = (
				7DE604E71F0645B60011B1B7 /* Base */,
			);
			name = Main.storyboard;
			sourceTree = "<group>";
		};
		7DE604EB1F0645B60011B1B7 /* LaunchScreen.storyboard */ = {
			isa = PBXVariantGroup;
			children = (
				7DE604EC1F0645B60011B1B7 /* Base */,
			);
			name = LaunchScreen.storyboard;
			sourceTree = "<group>";
		};
/* End PBXVariantGroup section */

/* Begin XCBuildConfiguration section */
		7DE604EF1F0645B60011B1B7 /* Debug */ = {
			isa = XCBuildConfiguration;
			buildSettings = {
				ALWAYS_SEARCH_USER_PATHS = NO;
				CLANG_ANALYZER_NONNULL = YES;
				CLANG_ANALYZER_NUMBER_OBJECT_CONVERSION = YES_AGGRESSIVE;
				CLANG_CXX_LANGUAGE_STANDARD = "gnu++0x";
				CLANG_CXX_LIBRARY = "libc++";
				CLANG_ENABLE_MODULES = YES;
				CLANG_ENABLE_OBJC_ARC = YES;
				CLANG_WARN_BOOL_CONVERSION = YES;
				CLANG_WARN_CONSTANT_CONVERSION = YES;
				CLANG_WARN_DIRECT_OBJC_ISA_USAGE = YES_ERROR;
				CLANG_WARN_DOCUMENTATION_COMMENTS = YES;
				CLANG_WARN_EMPTY_BODY = YES;
				CLANG_WARN_ENUM_CONVERSION = YES;
				CLANG_WARN_INFINITE_RECURSION = YES;
				CLANG_WARN_INT_CONVERSION = YES;
				CLANG_WARN_OBJC_ROOT_CLASS = YES_ERROR;
				CLANG_WARN_SUSPICIOUS_MOVE = YES;
				CLANG_WARN_UNREACHABLE_CODE = YES;
				CLANG_WARN__DUPLICATE_METHOD_MATCH = YES;
				"CODE_SIGN_IDENTITY[sdk=iphoneos*]" = "iPhone Developer";
				COPY_PHASE_STRIP = NO;
				DEBUG_INFORMATION_FORMAT = dwarf;
				ENABLE_STRICT_OBJC_MSGSEND = YES;
				ENABLE_TESTABILITY = YES;
				GCC_C_LANGUAGE_STANDARD = gnu99;
				GCC_DYNAMIC_NO_PIC = NO;
				GCC_NO_COMMON_BLOCKS = YES;
				GCC_OPTIMIZATION_LEVEL = 0;
				GCC_PREPROCESSOR_DEFINITIONS = (
					"DEBUG=1",
					"$(inherited)",
				);
				GCC_WARN_64_TO_32_BIT_CONVERSION = YES;
				GCC_WARN_ABOUT_RETURN_TYPE = YES_ERROR;
				GCC_WARN_UNDECLARED_SELECTOR = YES;
				GCC_WARN_UNINITIALIZED_AUTOS = YES_AGGRESSIVE;
				GCC_WARN_UNUSED_FUNCTION = YES;
				GCC_WARN_UNUSED_VARIABLE = YES;
				IPHONEOS_DEPLOYMENT_TARGET = 10.3;
				MTL_ENABLE_DEBUG_INFO = YES;
				ONLY_ACTIVE_ARCH = YES;
				SDKROOT = iphoneos;
				SWIFT_ACTIVE_COMPILATION_CONDITIONS = DEBUG;
				SWIFT_OPTIMIZATION_LEVEL = "-Onone";
			};
			name = Debug;
		};
		7DE604F01F0645B60011B1B7 /* Release */ = {
			isa = XCBuildConfiguration;
			buildSettings = {
				ALWAYS_SEARCH_USER_PATHS = NO;
				CLANG_ANALYZER_NONNULL = YES;
				CLANG_ANALYZER_NUMBER_OBJECT_CONVERSION = YES_AGGRESSIVE;
				CLANG_CXX_LANGUAGE_STANDARD = "gnu++0x";
				CLANG_CXX_LIBRARY = "libc++";
				CLANG_ENABLE_MODULES = YES;
				CLANG_ENABLE_OBJC_ARC = YES;
				CLANG_WARN_BOOL_CONVERSION = YES;
				CLANG_WARN_CONSTANT_CONVERSION = YES;
				CLANG_WARN_DIRECT_OBJC_ISA_USAGE = YES_ERROR;
				CLANG_WARN_DOCUMENTATION_COMMENTS = YES;
				CLANG_WARN_EMPTY_BODY = YES;
				CLANG_WARN_ENUM_CONVERSION = YES;
				CLANG_WARN_INFINITE_RECURSION = YES;
				CLANG_WARN_INT_CONVERSION = YES;
				CLANG_WARN_OBJC_ROOT_CLASS = YES_ERROR;
				CLANG_WARN_SUSPICIOUS_MOVE = YES;
				CLANG_WARN_UNREACHABLE_CODE = YES;
				CLANG_WARN__DUPLICATE_METHOD_MATCH = YES;
				"CODE_SIGN_IDENTITY[sdk=iphoneos*]" = "iPhone Developer";
				COPY_PHASE_STRIP = NO;
				DEBUG_INFORMATION_FORMAT = "dwarf-with-dsym";
				ENABLE_NS_ASSERTIONS = NO;
				ENABLE_STRICT_OBJC_MSGSEND = YES;
				GCC_C_LANGUAGE_STANDARD = gnu99;
				GCC_NO_COMMON_BLOCKS = YES;
				GCC_WARN_64_TO_32_BIT_CONVERSION = YES;
				GCC_WARN_ABOUT_RETURN_TYPE = YES_ERROR;
				GCC_WARN_UNDECLARED_SELECTOR = YES;
				GCC_WARN_UNINITIALIZED_AUTOS = YES_AGGRESSIVE;
				GCC_WARN_UNUSED_FUNCTION = YES;
				GCC_WARN_UNUSED_VARIABLE = YES;
				IPHONEOS_DEPLOYMENT_TARGET = 10.3;
				MTL_ENABLE_DEBUG_INFO = NO;
				SDKROOT = iphoneos;
				SWIFT_OPTIMIZATION_LEVEL = "-Owholemodule";
				VALIDATE_PRODUCT = YES;
			};
			name = Release;
		};
		7DE604F21F0645B60011B1B7 /* Debug */ = {
			isa = XCBuildConfiguration;
			buildSettings = {
				ASSETCATALOG_COMPILER_APPICON_NAME = AppIcon;
				DEVELOPMENT_TEAM = WJV2E4572L;
				INFOPLIST_FILE = WorldTrotter/Info.plist;
				LD_RUNPATH_SEARCH_PATHS = "$(inherited) @executable_path/Frameworks";
				PRODUCT_BUNDLE_IDENTIFIER = alpaca.WorldTrotter;
				PRODUCT_NAME = "$(TARGET_NAME)";
				SWIFT_VERSION = 3.0;
			};
			name = Debug;
		};
		7DE604F31F0645B60011B1B7 /* Release */ = {
			isa = XCBuildConfiguration;
			buildSettings = {
				ASSETCATALOG_COMPILER_APPICON_NAME = AppIcon;
				DEVELOPMENT_TEAM = WJV2E4572L;
				INFOPLIST_FILE = WorldTrotter/Info.plist;
				LD_RUNPATH_SEARCH_PATHS = "$(inherited) @executable_path/Frameworks";
				PRODUCT_BUNDLE_IDENTIFIER = alpaca.WorldTrotter;
				PRODUCT_NAME = "$(TARGET_NAME)";
				SWIFT_VERSION = 3.0;
			};
			name = Release;
		};
/* End XCBuildConfiguration section */

/* Begin XCConfigurationList section */
		7DE604DA1F0645B60011B1B7 /* Build configuration list for PBXProject "WorldTrotter" */ = {
			isa = XCConfigurationList;
			buildConfigurations = (
				7DE604EF1F0645B60011B1B7 /* Debug */,
				7DE604F01F0645B60011B1B7 /* Release */,
			);
			defaultConfigurationIsVisible = 0;
			defaultConfigurationName = Release;
		};
		7DE604F11F0645B60011B1B7 /* Build configuration list for PBXNativeTarget "WorldTrotter" */ = {
			isa = XCConfigurationList;
			buildConfigurations = (
				7DE604F21F0645B60011B1B7 /* Debug */,
				7DE604F31F0645B60011B1B7 /* Release */,
			);
			defaultConfigurationIsVisible = 0;
			defaultConfigurationName = Release;
		};
/* End XCConfigurationList section */
	};
	rootObject = 7DE604D71F0645B60011B1B7 /* Project object */;
}
