// !$*UTF8*$!
{
	archiveVersion = 1;
	classes = {
	};
	objectVersion = 46;
	objects = {

/* Begin PBXBuildFile section */
		7D01F7871F2F481200E77D0C /* AppDelegate.swift in Sources */ = {isa = PBXBuildFile; fileRef = 7D01F7861F2F481200E77D0C /* AppDelegate.swift */; };
		7D01F78C1F2F481200E77D0C /* Main.storyboard in Resources */ = {isa = PBXBuildFile; fileRef = 7D01F78A1F2F481200E77D0C /* Main.storyboard */; };
		7D01F78E1F2F481200E77D0C /* Assets.xcassets in Resources */ = {isa = PBXBuildFile; fileRef = 7D01F78D1F2F481200E77D0C /* Assets.xcassets */; };
		7D01F7911F2F481200E77D0C /* LaunchScreen.storyboard in Resources */ = {isa = PBXBuildFile; fileRef = 7D01F78F1F2F481200E77D0C /* LaunchScreen.storyboard */; };
		7D01F7991F2F4C8700E77D0C /* LoginViewController.swift in Sources */ = {isa = PBXBuildFile; fileRef = 7D01F7981F2F4C8700E77D0C /* LoginViewController.swift */; };
		7D01F79C1F2F4CCE00E77D0C /* SignupViewController.swift in Sources */ = {isa = PBXBuildFile; fileRef = 7D01F79B1F2F4CCE00E77D0C /* SignupViewController.swift */; };
		7D01F79E1F2FA11300E77D0C /* ImageBoardAPI.swift in Sources */ = {isa = PBXBuildFile; fileRef = 7D01F79D1F2FA11300E77D0C /* ImageBoardAPI.swift */; };
		7D8360951F2FB0C500EB6B1B /* Request.swift in Sources */ = {isa = PBXBuildFile; fileRef = 7D8360941F2FB0C500EB6B1B /* Request.swift */; };
		7D8360971F2FB49700EB6B1B /* ObjectInfo.swift in Sources */ = {isa = PBXBuildFile; fileRef = 7D8360961F2FB49700EB6B1B /* ObjectInfo.swift */; };
		7DCCCAAA1F30623600B3EE61 /* ImageBoardTableViewController.swift in Sources */ = {isa = PBXBuildFile; fileRef = 7DCCCAA91F30623600B3EE61 /* ImageBoardTableViewController.swift */; };
		7DCCCAAC1F30693000B3EE61 /* ImageBoardCell.swift in Sources */ = {isa = PBXBuildFile; fileRef = 7DCCCAAB1F30693000B3EE61 /* ImageBoardCell.swift */; };
/* End PBXBuildFile section */

/* Begin PBXFileReference section */
		7D01F7831F2F481200E77D0C /* ImageBoard.app */ = {isa = PBXFileReference; explicitFileType = wrapper.application; includeInIndex = 0; path = ImageBoard.app; sourceTree = BUILT_PRODUCTS_DIR; };
		7D01F7861F2F481200E77D0C /* AppDelegate.swift */ = {isa = PBXFileReference; lastKnownFileType = sourcecode.swift; path = AppDelegate.swift; sourceTree = "<group>"; };
		7D01F78B1F2F481200E77D0C /* Base */ = {isa = PBXFileReference; lastKnownFileType = file.storyboard; name = Base; path = Base.lproj/Main.storyboard; sourceTree = "<group>"; };
		7D01F78D1F2F481200E77D0C /* Assets.xcassets */ = {isa = PBXFileReference; lastKnownFileType = folder.assetcatalog; path = Assets.xcassets; sourceTree = "<group>"; };
		7D01F7901F2F481200E77D0C /* Base */ = {isa = PBXFileReference; lastKnownFileType = file.storyboard; name = Base; path = Base.lproj/LaunchScreen.storyboard; sourceTree = "<group>"; };
		7D01F7921F2F481200E77D0C /* Info.plist */ = {isa = PBXFileReference; lastKnownFileType = text.plist.xml; path = Info.plist; sourceTree = "<group>"; };
		7D01F7981F2F4C8700E77D0C /* LoginViewController.swift */ = {isa = PBXFileReference; fileEncoding = 4; lastKnownFileType = sourcecode.swift; name = LoginViewController.swift; path = ../LoginViewController.swift; sourceTree = "<group>"; };
		7D01F79B1F2F4CCE00E77D0C /* SignupViewController.swift */ = {isa = PBXFileReference; fileEncoding = 4; lastKnownFileType = sourcecode.swift; path = SignupViewController.swift; sourceTree = "<group>"; };
		7D01F79D1F2FA11300E77D0C /* ImageBoardAPI.swift */ = {isa = PBXFileReference; fileEncoding = 4; lastKnownFileType = sourcecode.swift; path = ImageBoardAPI.swift; sourceTree = SOURCE_ROOT; };
		7D8360941F2FB0C500EB6B1B /* Request.swift */ = {isa = PBXFileReference; lastKnownFileType = sourcecode.swift; path = Request.swift; sourceTree = "<group>"; };
		7D8360961F2FB49700EB6B1B /* ObjectInfo.swift */ = {isa = PBXFileReference; lastKnownFileType = sourcecode.swift; path = ObjectInfo.swift; sourceTree = "<group>"; };
		7DCCCAA91F30623600B3EE61 /* ImageBoardTableViewController.swift */ = {isa = PBXFileReference; lastKnownFileType = sourcecode.swift; path = ImageBoardTableViewController.swift; sourceTree = "<group>"; };
		7DCCCAAB1F30693000B3EE61 /* ImageBoardCell.swift */ = {isa = PBXFileReference; lastKnownFileType = sourcecode.swift; path = ImageBoardCell.swift; sourceTree = "<group>"; };
/* End PBXFileReference section */

/* Begin PBXFrameworksBuildPhase section */
		7D01F7801F2F481200E77D0C /* Frameworks */ = {
			isa = PBXFrameworksBuildPhase;
			buildActionMask = 2147483647;
			files = (
			);
			runOnlyForDeploymentPostprocessing = 0;
		};
/* End PBXFrameworksBuildPhase section */

/* Begin PBXGroup section */
		7D01F77A1F2F481200E77D0C = {
			isa = PBXGroup;
			children = (
				7D01F7851F2F481200E77D0C /* ImageBoard */,
				7D01F7841F2F481200E77D0C /* Products */,
			);
			sourceTree = "<group>";
		};
		7D01F7841F2F481200E77D0C /* Products */ = {
			isa = PBXGroup;
			children = (
				7D01F7831F2F481200E77D0C /* ImageBoard.app */,
			);
			name = Products;
			sourceTree = "<group>";
		};
		7D01F7851F2F481200E77D0C /* ImageBoard */ = {
			isa = PBXGroup;
			children = (
				7D01F7861F2F481200E77D0C /* AppDelegate.swift */,
				7D01F79F1F2FA12400E77D0C /* Model */,
				7D01F79A1F2F4C9200E77D0C /* Controller */,
				7DCCCAAD1F30694000B3EE61 /* View */,
				7D01F78A1F2F481200E77D0C /* Main.storyboard */,
				7D01F78D1F2F481200E77D0C /* Assets.xcassets */,
				7D01F78F1F2F481200E77D0C /* LaunchScreen.storyboard */,
				7D01F7921F2F481200E77D0C /* Info.plist */,
			);
			path = ImageBoard;
			sourceTree = "<group>";
		};
		7D01F79A1F2F4C9200E77D0C /* Controller */ = {
			isa = PBXGroup;
			children = (
				7D01F7981F2F4C8700E77D0C /* LoginViewController.swift */,
				7D01F79B1F2F4CCE00E77D0C /* SignupViewController.swift */,
				7DCCCAA91F30623600B3EE61 /* ImageBoardTableViewController.swift */,
			);
			name = Controller;
			sourceTree = "<group>";
		};
		7D01F79F1F2FA12400E77D0C /* Model */ = {
			isa = PBXGroup;
			children = (
				7D01F79D1F2FA11300E77D0C /* ImageBoardAPI.swift */,
				7D8360941F2FB0C500EB6B1B /* Request.swift */,
				7D8360961F2FB49700EB6B1B /* ObjectInfo.swift */,
			);
			name = Model;
			sourceTree = "<group>";
		};
		7DCCCAAD1F30694000B3EE61 /* View */ = {
			isa = PBXGroup;
			children = (
				7DCCCAAB1F30693000B3EE61 /* ImageBoardCell.swift */,
			);
			name = View;
			sourceTree = "<group>";
		};
/* End PBXGroup section */

/* Begin PBXNativeTarget section */
		7D01F7821F2F481200E77D0C /* ImageBoard */ = {
			isa = PBXNativeTarget;
			buildConfigurationList = 7D01F7951F2F481200E77D0C /* Build configuration list for PBXNativeTarget "ImageBoard" */;
			buildPhases = (
				7D01F77F1F2F481200E77D0C /* Sources */,
				7D01F7801F2F481200E77D0C /* Frameworks */,
				7D01F7811F2F481200E77D0C /* Resources */,
			);
			buildRules = (
			);
			dependencies = (
			);
			name = ImageBoard;
			productName = ImageBoard;
			productReference = 7D01F7831F2F481200E77D0C /* ImageBoard.app */;
			productType = "com.apple.product-type.application";
		};
/* End PBXNativeTarget section */

/* Begin PBXProject section */
		7D01F77B1F2F481200E77D0C /* Project object */ = {
			isa = PBXProject;
			attributes = {
				LastSwiftUpdateCheck = 0830;
				LastUpgradeCheck = 0830;
				ORGANIZATIONNAME = Alpaca;
				TargetAttributes = {
					7D01F7821F2F481200E77D0C = {
						CreatedOnToolsVersion = 8.3.3;
						DevelopmentTeam = WJV2E4572L;
						ProvisioningStyle = Automatic;
					};
				};
			};
			buildConfigurationList = 7D01F77E1F2F481200E77D0C /* Build configuration list for PBXProject "ImageBoard" */;
			compatibilityVersion = "Xcode 3.2";
			developmentRegion = English;
			hasScannedForEncodings = 0;
			knownRegions = (
				en,
				Base,
			);
			mainGroup = 7D01F77A1F2F481200E77D0C;
			productRefGroup = 7D01F7841F2F481200E77D0C /* Products */;
			projectDirPath = "";
			projectRoot = "";
			targets = (
				7D01F7821F2F481200E77D0C /* ImageBoard */,
			);
		};
/* End PBXProject section */

/* Begin PBXResourcesBuildPhase section */
		7D01F7811F2F481200E77D0C /* Resources */ = {
			isa = PBXResourcesBuildPhase;
			buildActionMask = 2147483647;
			files = (
				7D01F7911F2F481200E77D0C /* LaunchScreen.storyboard in Resources */,
				7D01F78E1F2F481200E77D0C /* Assets.xcassets in Resources */,
				7D01F78C1F2F481200E77D0C /* Main.storyboard in Resources */,
			);
			runOnlyForDeploymentPostprocessing = 0;
		};
/* End PBXResourcesBuildPhase section */

/* Begin PBXSourcesBuildPhase section */
		7D01F77F1F2F481200E77D0C /* Sources */ = {
			isa = PBXSourcesBuildPhase;
			buildActionMask = 2147483647;
			files = (
				7D8360971F2FB49700EB6B1B /* ObjectInfo.swift in Sources */,
				7D01F79C1F2F4CCE00E77D0C /* SignupViewController.swift in Sources */,
				7DCCCAAC1F30693000B3EE61 /* ImageBoardCell.swift in Sources */,
				7D01F7991F2F4C8700E77D0C /* LoginViewController.swift in Sources */,
				7D8360951F2FB0C500EB6B1B /* Request.swift in Sources */,
				7DCCCAAA1F30623600B3EE61 /* ImageBoardTableViewController.swift in Sources */,
				7D01F7871F2F481200E77D0C /* AppDelegate.swift in Sources */,
				7D01F79E1F2FA11300E77D0C /* ImageBoardAPI.swift in Sources */,
			);
			runOnlyForDeploymentPostprocessing = 0;
		};
/* End PBXSourcesBuildPhase section */

/* Begin PBXVariantGroup section */
		7D01F78A1F2F481200E77D0C /* Main.storyboard */ = {
			isa = PBXVariantGroup;
			children = (
				7D01F78B1F2F481200E77D0C /* Base */,
			);
			name = Main.storyboard;
			sourceTree = "<group>";
		};
		7D01F78F1F2F481200E77D0C /* LaunchScreen.storyboard */ = {
			isa = PBXVariantGroup;
			children = (
				7D01F7901F2F481200E77D0C /* Base */,
			);
			name = LaunchScreen.storyboard;
			sourceTree = "<group>";
		};
/* End PBXVariantGroup section */

/* Begin XCBuildConfiguration section */
		7D01F7931F2F481200E77D0C /* Debug */ = {
			isa = XCBuildConfiguration;
			buildSettings = {
				ALWAYS_SEARCH_USER_PATHS = NO;
				CLANG_ANALYZER_NONNULL = YES;
				CLANG_ANALYZER_NUMBER_OBJECT_CONVERSION = YES_AGGRESSIVE;
				CLANG_CXX_LANGUAGE_STANDARD = "gnu++0x";
				CLANG_CXX_LIBRARY = "libc++";
				CLANG_ENABLE_MODULES = YES;
				CLANG_ENABLE_OBJC_ARC = YES;
				CLANG_WARN_BOOL_CONVERSION = YES;
				CLANG_WARN_CONSTANT_CONVERSION = YES;
				CLANG_WARN_DIRECT_OBJC_ISA_USAGE = YES_ERROR;
				CLANG_WARN_DOCUMENTATION_COMMENTS = YES;
				CLANG_WARN_EMPTY_BODY = YES;
				CLANG_WARN_ENUM_CONVERSION = YES;
				CLANG_WARN_INFINITE_RECURSION = YES;
				CLANG_WARN_INT_CONVERSION = YES;
				CLANG_WARN_OBJC_ROOT_CLASS = YES_ERROR;
				CLANG_WARN_SUSPICIOUS_MOVE = YES;
				CLANG_WARN_UNREACHABLE_CODE = YES;
				CLANG_WARN__DUPLICATE_METHOD_MATCH = YES;
				"CODE_SIGN_IDENTITY[sdk=iphoneos*]" = "iPhone Developer";
				COPY_PHASE_STRIP = NO;
				DEBUG_INFORMATION_FORMAT = dwarf;
				ENABLE_STRICT_OBJC_MSGSEND = YES;
				ENABLE_TESTABILITY = YES;
				GCC_C_LANGUAGE_STANDARD = gnu99;
				GCC_DYNAMIC_NO_PIC = NO;
				GCC_NO_COMMON_BLOCKS = YES;
				GCC_OPTIMIZATION_LEVEL = 0;
				GCC_PREPROCESSOR_DEFINITIONS = (
					"DEBUG=1",
					"$(inherited)",
				);
				GCC_WARN_64_TO_32_BIT_CONVERSION = YES;
				GCC_WARN_ABOUT_RETURN_TYPE = YES_ERROR;
				GCC_WARN_UNDECLARED_SELECTOR = YES;
				GCC_WARN_UNINITIALIZED_AUTOS = YES_AGGRESSIVE;
				GCC_WARN_UNUSED_FUNCTION = YES;
				GCC_WARN_UNUSED_VARIABLE = YES;
				IPHONEOS_DEPLOYMENT_TARGET = 10.3;
				MTL_ENABLE_DEBUG_INFO = YES;
				ONLY_ACTIVE_ARCH = YES;
				SDKROOT = iphoneos;
				SWIFT_ACTIVE_COMPILATION_CONDITIONS = DEBUG;
				SWIFT_OPTIMIZATION_LEVEL = "-Onone";
				TARGETED_DEVICE_FAMILY = "1,2";
			};
			name = Debug;
		};
		7D01F7941F2F481200E77D0C /* Release */ = {
			isa = XCBuildConfiguration;
			buildSettings = {
				ALWAYS_SEARCH_USER_PATHS = NO;
				CLANG_ANALYZER_NONNULL = YES;
				CLANG_ANALYZER_NUMBER_OBJECT_CONVERSION = YES_AGGRESSIVE;
				CLANG_CXX_LANGUAGE_STANDARD = "gnu++0x";
				CLANG_CXX_LIBRARY = "libc++";
				CLANG_ENABLE_MODULES = YES;
				CLANG_ENABLE_OBJC_ARC = YES;
				CLANG_WARN_BOOL_CONVERSION = YES;
				CLANG_WARN_CONSTANT_CONVERSION = YES;
				CLANG_WARN_DIRECT_OBJC_ISA_USAGE = YES_ERROR;
				CLANG_WARN_DOCUMENTATION_COMMENTS = YES;
				CLANG_WARN_EMPTY_BODY = YES;
				CLANG_WARN_ENUM_CONVERSION = YES;
				CLANG_WARN_INFINITE_RECURSION = YES;
				CLANG_WARN_INT_CONVERSION = YES;
				CLANG_WARN_OBJC_ROOT_CLASS = YES_ERROR;
				CLANG_WARN_SUSPICIOUS_MOVE = YES;
				CLANG_WARN_UNREACHABLE_CODE = YES;
				CLANG_WARN__DUPLICATE_METHOD_MATCH = YES;
				"CODE_SIGN_IDENTITY[sdk=iphoneos*]" = "iPhone Developer";
				COPY_PHASE_STRIP = NO;
				DEBUG_INFORMATION_FORMAT = "dwarf-with-dsym";
				ENABLE_NS_ASSERTIONS = NO;
				ENABLE_STRICT_OBJC_MSGSEND = YES;
				GCC_C_LANGUAGE_STANDARD = gnu99;
				GCC_NO_COMMON_BLOCKS = YES;
				GCC_WARN_64_TO_32_BIT_CONVERSION = YES;
				GCC_WARN_ABOUT_RETURN_TYPE = YES_ERROR;
				GCC_WARN_UNDECLARED_SELECTOR = YES;
				GCC_WARN_UNINITIALIZED_AUTOS = YES_AGGRESSIVE;
				GCC_WARN_UNUSED_FUNCTION = YES;
				GCC_WARN_UNUSED_VARIABLE = YES;
				IPHONEOS_DEPLOYMENT_TARGET = 10.3;
				MTL_ENABLE_DEBUG_INFO = NO;
				SDKROOT = iphoneos;
				SWIFT_OPTIMIZATION_LEVEL = "-Owholemodule";
				TARGETED_DEVICE_FAMILY = "1,2";
				VALIDATE_PRODUCT = YES;
			};
			name = Release;
		};
		7D01F7961F2F481200E77D0C /* Debug */ = {
			isa = XCBuildConfiguration;
			buildSettings = {
				ASSETCATALOG_COMPILER_APPICON_NAME = AppIcon;
				DEVELOPMENT_TEAM = WJV2E4572L;
				INFOPLIST_FILE = ImageBoard/Info.plist;
				LD_RUNPATH_SEARCH_PATHS = "$(inherited) @executable_path/Frameworks";
				PRODUCT_BUNDLE_IDENTIFIER = alpaca.ImageBoard;
				PRODUCT_NAME = "$(TARGET_NAME)";
				SWIFT_VERSION = 3.0;
			};
			name = Debug;
		};
		7D01F7971F2F481200E77D0C /* Release */ = {
			isa = XCBuildConfiguration;
			buildSettings = {
				ASSETCATALOG_COMPILER_APPICON_NAME = AppIcon;
				DEVELOPMENT_TEAM = WJV2E4572L;
				INFOPLIST_FILE = ImageBoard/Info.plist;
				LD_RUNPATH_SEARCH_PATHS = "$(inherited) @executable_path/Frameworks";
				PRODUCT_BUNDLE_IDENTIFIER = alpaca.ImageBoard;
				PRODUCT_NAME = "$(TARGET_NAME)";
				SWIFT_VERSION = 3.0;
			};
			name = Release;
		};
/* End XCBuildConfiguration section */

/* Begin XCConfigurationList section */
		7D01F77E1F2F481200E77D0C /* Build configuration list for PBXProject "ImageBoard" */ = {
			isa = XCConfigurationList;
			buildConfigurations = (
				7D01F7931F2F481200E77D0C /* Debug */,
				7D01F7941F2F481200E77D0C /* Release */,
			);
			defaultConfigurationIsVisible = 0;
			defaultConfigurationName = Release;
		};
		7D01F7951F2F481200E77D0C /* Build configuration list for PBXNativeTarget "ImageBoard" */ = {
			isa = XCConfigurationList;
			buildConfigurations = (
				7D01F7961F2F481200E77D0C /* Debug */,
				7D01F7971F2F481200E77D0C /* Release */,
			);
			defaultConfigurationIsVisible = 0;
			defaultConfigurationName = Release;
		};
/* End XCConfigurationList section */
	};
	rootObject = 7D01F77B1F2F481200E77D0C /* Project object */;
}
